// !$*UTF8*$!
{
	archiveVersion = 1;
	classes = {
	};
	objectVersion = 55;
	objects = {

/* Begin PBXBuildFile section */
		B102ADD9290E1E6A00C6DBA7 /* AppDelegate.swift in Sources */ = {isa = PBXBuildFile; fileRef = B102ADD8290E1E6A00C6DBA7 /* AppDelegate.swift */; };
		B102ADDB290E1E6A00C6DBA7 /* SceneDelegate.swift in Sources */ = {isa = PBXBuildFile; fileRef = B102ADDA290E1E6A00C6DBA7 /* SceneDelegate.swift */; };
		B102ADDD290E1E6A00C6DBA7 /* HomeVC.swift in Sources */ = {isa = PBXBuildFile; fileRef = B102ADDC290E1E6A00C6DBA7 /* HomeVC.swift */; };
		B102ADE2290E1E6B00C6DBA7 /* Assets.xcassets in Resources */ = {isa = PBXBuildFile; fileRef = B102ADE1290E1E6B00C6DBA7 /* Assets.xcassets */; };
		B102ADE5290E1E6B00C6DBA7 /* LaunchScreen.storyboard in Resources */ = {isa = PBXBuildFile; fileRef = B102ADE3290E1E6B00C6DBA7 /* LaunchScreen.storyboard */; };
		B102ADF1291221F800C6DBA7 /* FOCollectionViewCell.swift in Sources */ = {isa = PBXBuildFile; fileRef = B102ADF0291221F800C6DBA7 /* FOCollectionViewCell.swift */; };
		B1B115A72914CCC300DB8225 /* PlusVC.swift in Sources */ = {isa = PBXBuildFile; fileRef = B1B115A62914CCC300DB8225 /* PlusVC.swift */; };
		B1B115AA2915F8A000DB8225 /* VC+Ext.swift in Sources */ = {isa = PBXBuildFile; fileRef = B1B115A92915F8A000DB8225 /* VC+Ext.swift */; };
		B1B2F99029189FE600E0356E /* FOTitleLabel.swift in Sources */ = {isa = PBXBuildFile; fileRef = B1B2F98F29189FE600E0356E /* FOTitleLabel.swift */; };
		B1B50C63291A1EAC00DFE170 /* FOView.swift in Sources */ = {isa = PBXBuildFile; fileRef = B1B50C62291A1EAC00DFE170 /* FOView.swift */; };
		B1B50C65291B70A300DFE170 /* FOStackView.swift in Sources */ = {isa = PBXBuildFile; fileRef = B1B50C64291B70A300DFE170 /* FOStackView.swift */; };
		B1B50C67291B71D600DFE170 /* FOLabel.swift in Sources */ = {isa = PBXBuildFile; fileRef = B1B50C66291B71D600DFE170 /* FOLabel.swift */; };
		B1C58EF32922DFF200E03B67 /* CalculationVC.swift in Sources */ = {isa = PBXBuildFile; fileRef = B1C58EF22922DFF200E03B67 /* CalculationVC.swift */; };
		B1D5F942291C91690029C9D2 /* WrongAnswerVC.swift in Sources */ = {isa = PBXBuildFile; fileRef = B1D5F941291C91690029C9D2 /* WrongAnswerVC.swift */; };
		B1D5F96A291DB71B0029C9D2 /* FOTabBarVC.swift in Sources */ = {isa = PBXBuildFile; fileRef = B1D5F969291DB71B0029C9D2 /* FOTabBarVC.swift */; };
		B1D5F96E291DB7B70029C9D2 /* FOFont.swift in Sources */ = {isa = PBXBuildFile; fileRef = B1D5F96D291DB7B70029C9D2 /* FOFont.swift */; };
		B1D5F970291DB8000029C9D2 /* FOColors.swift in Sources */ = {isa = PBXBuildFile; fileRef = B1D5F96F291DB8000029C9D2 /* FOColors.swift */; };
		B1D5F972291E09760029C9D2 /* SettingVC.swift in Sources */ = {isa = PBXBuildFile; fileRef = B1D5F971291E09760029C9D2 /* SettingVC.swift */; };
		B1D5F974291F004B0029C9D2 /* FOAlertVC.swift in Sources */ = {isa = PBXBuildFile; fileRef = B1D5F973291F004B0029C9D2 /* FOAlertVC.swift */; };
		B1D5F976291F89560029C9D2 /* FOBodyLabel.swift in Sources */ = {isa = PBXBuildFile; fileRef = B1D5F975291F89560029C9D2 /* FOBodyLabel.swift */; };
		B1D5F9782920ABB40029C9D2 /* SubtractVC.swift in Sources */ = {isa = PBXBuildFile; fileRef = B1D5F9772920ABB40029C9D2 /* SubtractVC.swift */; };
		B1D5F97A29215AFD0029C9D2 /* MultiplyVC.swift in Sources */ = {isa = PBXBuildFile; fileRef = B1D5F97929215AFD0029C9D2 /* MultiplyVC.swift */; };
		B1D5F97E292163940029C9D2 /* DivideVC.swift in Sources */ = {isa = PBXBuildFile; fileRef = B1D5F97D292163940029C9D2 /* DivideVC.swift */; };
		B1E407CC2913F9D1004A3326 /* KeyboardVC.swift in Sources */ = {isa = PBXBuildFile; fileRef = B1E407CB2913F9D1004A3326 /* KeyboardVC.swift */; };
		B1E407D12913FA6B004A3326 /* KeyboardCell.swift in Sources */ = {isa = PBXBuildFile; fileRef = B1E407D02913FA6B004A3326 /* KeyboardCell.swift */; };
		B1FE91CC29245418002264A5 /* NotificationManager.swift in Sources */ = {isa = PBXBuildFile; fileRef = B1FE91CB29245418002264A5 /* NotificationManager.swift */; };
		B1FE91CE29245541002264A5 /* UserDefaultsKeys.swift in Sources */ = {isa = PBXBuildFile; fileRef = B1FE91CD29245541002264A5 /* UserDefaultsKeys.swift */; };
		B1FE91D02924570B002264A5 /* FOTextField.swift in Sources */ = {isa = PBXBuildFile; fileRef = B1FE91CF2924570B002264A5 /* FOTextField.swift */; };
		B1FE91D229245FB6002264A5 /* Date+Ext.swift in Sources */ = {isa = PBXBuildFile; fileRef = B1FE91D129245FB6002264A5 /* Date+Ext.swift */; };
/* End PBXBuildFile section */

/* Begin PBXFileReference section */
		B102ADD5290E1E6A00C6DBA7 /* FourOperation.app */ = {isa = PBXFileReference; explicitFileType = wrapper.application; includeInIndex = 0; path = FourOperation.app; sourceTree = BUILT_PRODUCTS_DIR; };
		B102ADD8290E1E6A00C6DBA7 /* AppDelegate.swift */ = {isa = PBXFileReference; lastKnownFileType = sourcecode.swift; path = AppDelegate.swift; sourceTree = "<group>"; };
		B102ADDA290E1E6A00C6DBA7 /* SceneDelegate.swift */ = {isa = PBXFileReference; lastKnownFileType = sourcecode.swift; path = SceneDelegate.swift; sourceTree = "<group>"; };
		B102ADDC290E1E6A00C6DBA7 /* HomeVC.swift */ = {isa = PBXFileReference; lastKnownFileType = sourcecode.swift; path = HomeVC.swift; sourceTree = "<group>"; };
		B102ADE1290E1E6B00C6DBA7 /* Assets.xcassets */ = {isa = PBXFileReference; lastKnownFileType = folder.assetcatalog; path = Assets.xcassets; sourceTree = "<group>"; };
		B102ADE4290E1E6B00C6DBA7 /* Base */ = {isa = PBXFileReference; lastKnownFileType = file.storyboard; name = Base; path = Base.lproj/LaunchScreen.storyboard; sourceTree = "<group>"; };
		B102ADE6290E1E6B00C6DBA7 /* Info.plist */ = {isa = PBXFileReference; lastKnownFileType = text.plist.xml; path = Info.plist; sourceTree = "<group>"; };
		B102ADF0291221F800C6DBA7 /* FOCollectionViewCell.swift */ = {isa = PBXFileReference; lastKnownFileType = sourcecode.swift; path = FOCollectionViewCell.swift; sourceTree = "<group>"; };
		B1B115A62914CCC300DB8225 /* PlusVC.swift */ = {isa = PBXFileReference; lastKnownFileType = sourcecode.swift; path = PlusVC.swift; sourceTree = "<group>"; };
		B1B115A92915F8A000DB8225 /* VC+Ext.swift */ = {isa = PBXFileReference; lastKnownFileType = sourcecode.swift; path = "VC+Ext.swift"; sourceTree = "<group>"; };
		B1B2F98F29189FE600E0356E /* FOTitleLabel.swift */ = {isa = PBXFileReference; lastKnownFileType = sourcecode.swift; path = FOTitleLabel.swift; sourceTree = "<group>"; };
		B1B50C62291A1EAC00DFE170 /* FOView.swift */ = {isa = PBXFileReference; lastKnownFileType = sourcecode.swift; path = FOView.swift; sourceTree = "<group>"; };
		B1B50C64291B70A300DFE170 /* FOStackView.swift */ = {isa = PBXFileReference; lastKnownFileType = sourcecode.swift; path = FOStackView.swift; sourceTree = "<group>"; };
		B1B50C66291B71D600DFE170 /* FOLabel.swift */ = {isa = PBXFileReference; lastKnownFileType = sourcecode.swift; path = FOLabel.swift; sourceTree = "<group>"; };
		B1C58EF22922DFF200E03B67 /* CalculationVC.swift */ = {isa = PBXFileReference; lastKnownFileType = sourcecode.swift; path = CalculationVC.swift; sourceTree = "<group>"; };
		B1D5F941291C91690029C9D2 /* WrongAnswerVC.swift */ = {isa = PBXFileReference; lastKnownFileType = sourcecode.swift; path = WrongAnswerVC.swift; sourceTree = "<group>"; };
		B1D5F969291DB71B0029C9D2 /* FOTabBarVC.swift */ = {isa = PBXFileReference; lastKnownFileType = sourcecode.swift; path = FOTabBarVC.swift; sourceTree = "<group>"; };
		B1D5F96D291DB7B70029C9D2 /* FOFont.swift */ = {isa = PBXFileReference; lastKnownFileType = sourcecode.swift; path = FOFont.swift; sourceTree = "<group>"; };
		B1D5F96F291DB8000029C9D2 /* FOColors.swift */ = {isa = PBXFileReference; lastKnownFileType = sourcecode.swift; path = FOColors.swift; sourceTree = "<group>"; };
		B1D5F971291E09760029C9D2 /* SettingVC.swift */ = {isa = PBXFileReference; lastKnownFileType = sourcecode.swift; path = SettingVC.swift; sourceTree = "<group>"; };
		B1D5F973291F004B0029C9D2 /* FOAlertVC.swift */ = {isa = PBXFileReference; lastKnownFileType = sourcecode.swift; path = FOAlertVC.swift; sourceTree = "<group>"; };
		B1D5F975291F89560029C9D2 /* FOBodyLabel.swift */ = {isa = PBXFileReference; lastKnownFileType = sourcecode.swift; path = FOBodyLabel.swift; sourceTree = "<group>"; };
		B1D5F9772920ABB40029C9D2 /* SubtractVC.swift */ = {isa = PBXFileReference; lastKnownFileType = sourcecode.swift; path = SubtractVC.swift; sourceTree = "<group>"; };
		B1D5F97929215AFD0029C9D2 /* MultiplyVC.swift */ = {isa = PBXFileReference; lastKnownFileType = sourcecode.swift; path = MultiplyVC.swift; sourceTree = "<group>"; };
		B1D5F97D292163940029C9D2 /* DivideVC.swift */ = {isa = PBXFileReference; lastKnownFileType = sourcecode.swift; path = DivideVC.swift; sourceTree = "<group>"; };
		B1E407CB2913F9D1004A3326 /* KeyboardVC.swift */ = {isa = PBXFileReference; lastKnownFileType = sourcecode.swift; path = KeyboardVC.swift; sourceTree = "<group>"; };
		B1E407D02913FA6B004A3326 /* KeyboardCell.swift */ = {isa = PBXFileReference; lastKnownFileType = sourcecode.swift; path = KeyboardCell.swift; sourceTree = "<group>"; };
		B1FE91CB29245418002264A5 /* NotificationManager.swift */ = {isa = PBXFileReference; lastKnownFileType = sourcecode.swift; path = NotificationManager.swift; sourceTree = "<group>"; };
		B1FE91CD29245541002264A5 /* UserDefaultsKeys.swift */ = {isa = PBXFileReference; lastKnownFileType = sourcecode.swift; path = UserDefaultsKeys.swift; sourceTree = "<group>"; };
		B1FE91CF2924570B002264A5 /* FOTextField.swift */ = {isa = PBXFileReference; lastKnownFileType = sourcecode.swift; path = FOTextField.swift; sourceTree = "<group>"; };
		B1FE91D129245FB6002264A5 /* Date+Ext.swift */ = {isa = PBXFileReference; lastKnownFileType = sourcecode.swift; path = "Date+Ext.swift"; sourceTree = "<group>"; };
/* End PBXFileReference section */

/* Begin PBXFrameworksBuildPhase section */
		B102ADD2290E1E6A00C6DBA7 /* Frameworks */ = {
			isa = PBXFrameworksBuildPhase;
			buildActionMask = 2147483647;
			files = (
			);
			runOnlyForDeploymentPostprocessing = 0;
		};
/* End PBXFrameworksBuildPhase section */

/* Begin PBXGroup section */
		B102ADCC290E1E6A00C6DBA7 = {
			isa = PBXGroup;
			children = (
				B102ADD7290E1E6A00C6DBA7 /* FourOperation */,
				B102ADD6290E1E6A00C6DBA7 /* Products */,
			);
			sourceTree = "<group>";
		};
		B102ADD6290E1E6A00C6DBA7 /* Products */ = {
			isa = PBXGroup;
			children = (
				B102ADD5290E1E6A00C6DBA7 /* FourOperation.app */,
			);
			name = Products;
			sourceTree = "<group>";
		};
		B102ADD7290E1E6A00C6DBA7 /* FourOperation */ = {
			isa = PBXGroup;
			children = (
				B1B115A82915F87500DB8225 /* Extensions */,
				B102ADEF2912218A00C6DBA7 /* Controllers */,
				B102ADEC29121BA400C6DBA7 /* Views */,
				B102ADE6290E1E6B00C6DBA7 /* Info.plist */,
			);
			path = FourOperation;
			sourceTree = "<group>";
		};
		B102ADEC29121BA400C6DBA7 /* Views */ = {
			isa = PBXGroup;
			children = (
				B1E407CF2913FA38004A3326 /* Cells */,
				B1B2F98F29189FE600E0356E /* FOTitleLabel.swift */,
				B1B50C66291B71D600DFE170 /* FOLabel.swift */,
				B1D5F975291F89560029C9D2 /* FOBodyLabel.swift */,
				B1FE91CF2924570B002264A5 /* FOTextField.swift */,
				B1B50C62291A1EAC00DFE170 /* FOView.swift */,
				B1B50C64291B70A300DFE170 /* FOStackView.swift */,
				B1D5F96B291DB76B0029C9D2 /* Utilities */,
				B1D5F96C291DB77F0029C9D2 /* Support */,
			);
			path = Views;
			sourceTree = "<group>";
		};
		B102ADEF2912218A00C6DBA7 /* Controllers */ = {
			isa = PBXGroup;
			children = (
				B1C58EF42922E00500E03B67 /* SubVCs */,
				B1B115A52914CC8500DB8225 /* FourOperationControllers */,
				B102ADDC290E1E6A00C6DBA7 /* HomeVC.swift */,
				B1D5F941291C91690029C9D2 /* WrongAnswerVC.swift */,
				B1D5F969291DB71B0029C9D2 /* FOTabBarVC.swift */,
				B1D5F971291E09760029C9D2 /* SettingVC.swift */,
				B1D5F973291F004B0029C9D2 /* FOAlertVC.swift */,
			);
			path = Controllers;
			sourceTree = "<group>";
		};
		B1B115A52914CC8500DB8225 /* FourOperationControllers */ = {
			isa = PBXGroup;
			children = (
				B1B115A62914CCC300DB8225 /* PlusVC.swift */,
				B1D5F9772920ABB40029C9D2 /* SubtractVC.swift */,
				B1D5F97929215AFD0029C9D2 /* MultiplyVC.swift */,
				B1D5F97D292163940029C9D2 /* DivideVC.swift */,
			);
			path = FourOperationControllers;
			sourceTree = "<group>";
		};
		B1B115A82915F87500DB8225 /* Extensions */ = {
			isa = PBXGroup;
			children = (
				B1B115A92915F8A000DB8225 /* VC+Ext.swift */,
				B1FE91D129245FB6002264A5 /* Date+Ext.swift */,
			);
			path = Extensions;
			sourceTree = "<group>";
		};
		B1C58EF42922E00500E03B67 /* SubVCs */ = {
			isa = PBXGroup;
			children = (
				B1E407CB2913F9D1004A3326 /* KeyboardVC.swift */,
				B1C58EF22922DFF200E03B67 /* CalculationVC.swift */,
			);
			path = SubVCs;
			sourceTree = "<group>";
		};
		B1D5F96B291DB76B0029C9D2 /* Utilities */ = {
			isa = PBXGroup;
			children = (
				B1D5F96D291DB7B70029C9D2 /* FOFont.swift */,
				B1D5F96F291DB8000029C9D2 /* FOColors.swift */,
				B1FE91CB29245418002264A5 /* NotificationManager.swift */,
				B1FE91CD29245541002264A5 /* UserDefaultsKeys.swift */,
			);
			path = Utilities;
			sourceTree = "<group>";
		};
		B1D5F96C291DB77F0029C9D2 /* Support */ = {
			isa = PBXGroup;
			children = (
				B102ADD8290E1E6A00C6DBA7 /* AppDelegate.swift */,
				B102ADDA290E1E6A00C6DBA7 /* SceneDelegate.swift */,
				B102ADE1290E1E6B00C6DBA7 /* Assets.xcassets */,
				B102ADE3290E1E6B00C6DBA7 /* LaunchScreen.storyboard */,
			);
			path = Support;
			sourceTree = "<group>";
		};
		B1E407CF2913FA38004A3326 /* Cells */ = {
			isa = PBXGroup;
			children = (
				B102ADF0291221F800C6DBA7 /* FOCollectionViewCell.swift */,
				B1E407D02913FA6B004A3326 /* KeyboardCell.swift */,
			);
			path = Cells;
			sourceTree = "<group>";
		};
/* End PBXGroup section */

/* Begin PBXNativeTarget section */
		B102ADD4290E1E6A00C6DBA7 /* FourOperation */ = {
			isa = PBXNativeTarget;
			buildConfigurationList = B102ADE9290E1E6B00C6DBA7 /* Build configuration list for PBXNativeTarget "FourOperation" */;
			buildPhases = (
				B102ADD1290E1E6A00C6DBA7 /* Sources */,
				B102ADD2290E1E6A00C6DBA7 /* Frameworks */,
				B102ADD3290E1E6A00C6DBA7 /* Resources */,
			);
			buildRules = (
			);
			dependencies = (
			);
			name = FourOperation;
			productName = FourOperation;
			productReference = B102ADD5290E1E6A00C6DBA7 /* FourOperation.app */;
			productType = "com.apple.product-type.application";
		};
/* End PBXNativeTarget section */

/* Begin PBXProject section */
		B102ADCD290E1E6A00C6DBA7 /* Project object */ = {
			isa = PBXProject;
			attributes = {
				BuildIndependentTargetsInParallel = 1;
				LastSwiftUpdateCheck = 1340;
				LastUpgradeCheck = 1340;
				TargetAttributes = {
					B102ADD4290E1E6A00C6DBA7 = {
						CreatedOnToolsVersion = 13.4.1;
					};
				};
			};
			buildConfigurationList = B102ADD0290E1E6A00C6DBA7 /* Build configuration list for PBXProject "FourOperation" */;
			compatibilityVersion = "Xcode 13.0";
			developmentRegion = en;
			hasScannedForEncodings = 0;
			knownRegions = (
				en,
				Base,
			);
			mainGroup = B102ADCC290E1E6A00C6DBA7;
			productRefGroup = B102ADD6290E1E6A00C6DBA7 /* Products */;
			projectDirPath = "";
			projectRoot = "";
			targets = (
				B102ADD4290E1E6A00C6DBA7 /* FourOperation */,
			);
		};
/* End PBXProject section */

/* Begin PBXResourcesBuildPhase section */
		B102ADD3290E1E6A00C6DBA7 /* Resources */ = {
			isa = PBXResourcesBuildPhase;
			buildActionMask = 2147483647;
			files = (
				B102ADE5290E1E6B00C6DBA7 /* LaunchScreen.storyboard in Resources */,
				B102ADE2290E1E6B00C6DBA7 /* Assets.xcassets in Resources */,
			);
			runOnlyForDeploymentPostprocessing = 0;
		};
/* End PBXResourcesBuildPhase section */

/* Begin PBXSourcesBuildPhase section */
		B102ADD1290E1E6A00C6DBA7 /* Sources */ = {
			isa = PBXSourcesBuildPhase;
			buildActionMask = 2147483647;
			files = (
				B1FE91D229245FB6002264A5 /* Date+Ext.swift in Sources */,
				B1FE91D02924570B002264A5 /* FOTextField.swift in Sources */,
				B1D5F970291DB8000029C9D2 /* FOColors.swift in Sources */,
				B1D5F97A29215AFD0029C9D2 /* MultiplyVC.swift in Sources */,
				B102ADDD290E1E6A00C6DBA7 /* HomeVC.swift in Sources */,
				B1B50C63291A1EAC00DFE170 /* FOView.swift in Sources */,
				B1B50C65291B70A300DFE170 /* FOStackView.swift in Sources */,
				B102ADF1291221F800C6DBA7 /* FOCollectionViewCell.swift in Sources */,
				B1FE91CC29245418002264A5 /* NotificationManager.swift in Sources */,
				B1D5F942291C91690029C9D2 /* WrongAnswerVC.swift in Sources */,
				B1E407D12913FA6B004A3326 /* KeyboardCell.swift in Sources */,
				B1B50C67291B71D600DFE170 /* FOLabel.swift in Sources */,
				B1D5F96E291DB7B70029C9D2 /* FOFont.swift in Sources */,
				B1B115A72914CCC300DB8225 /* PlusVC.swift in Sources */,
				B1FE91CE29245541002264A5 /* UserDefaultsKeys.swift in Sources */,
				B1D5F97E292163940029C9D2 /* DivideVC.swift in Sources */,
				B1D5F972291E09760029C9D2 /* SettingVC.swift in Sources */,
				B1B115AA2915F8A000DB8225 /* VC+Ext.swift in Sources */,
				B102ADD9290E1E6A00C6DBA7 /* AppDelegate.swift in Sources */,
				B1C58EF32922DFF200E03B67 /* CalculationVC.swift in Sources */,
				B1E407CC2913F9D1004A3326 /* KeyboardVC.swift in Sources */,
				B1D5F974291F004B0029C9D2 /* FOAlertVC.swift in Sources */,
				B1D5F976291F89560029C9D2 /* FOBodyLabel.swift in Sources */,
				B1D5F9782920ABB40029C9D2 /* SubtractVC.swift in Sources */,
				B1D5F96A291DB71B0029C9D2 /* FOTabBarVC.swift in Sources */,
				B1B2F99029189FE600E0356E /* FOTitleLabel.swift in Sources */,
				B102ADDB290E1E6A00C6DBA7 /* SceneDelegate.swift in Sources */,
			);
			runOnlyForDeploymentPostprocessing = 0;
		};
/* End PBXSourcesBuildPhase section */

/* Begin PBXVariantGroup section */
		B102ADE3290E1E6B00C6DBA7 /* LaunchScreen.storyboard */ = {
			isa = PBXVariantGroup;
			children = (
				B102ADE4290E1E6B00C6DBA7 /* Base */,
			);
			name = LaunchScreen.storyboard;
			sourceTree = "<group>";
		};
/* End PBXVariantGroup section */

/* Begin XCBuildConfiguration section */
		B102ADE7290E1E6B00C6DBA7 /* Debug */ = {
			isa = XCBuildConfiguration;
			buildSettings = {
				ALWAYS_SEARCH_USER_PATHS = NO;
				CLANG_ANALYZER_NONNULL = YES;
				CLANG_ANALYZER_NUMBER_OBJECT_CONVERSION = YES_AGGRESSIVE;
				CLANG_CXX_LANGUAGE_STANDARD = "gnu++17";
				CLANG_ENABLE_MODULES = YES;
				CLANG_ENABLE_OBJC_ARC = YES;
				CLANG_ENABLE_OBJC_WEAK = YES;
				CLANG_WARN_BLOCK_CAPTURE_AUTORELEASING = YES;
				CLANG_WARN_BOOL_CONVERSION = YES;
				CLANG_WARN_COMMA = YES;
				CLANG_WARN_CONSTANT_CONVERSION = YES;
				CLANG_WARN_DEPRECATED_OBJC_IMPLEMENTATIONS = YES;
				CLANG_WARN_DIRECT_OBJC_ISA_USAGE = YES_ERROR;
				CLANG_WARN_DOCUMENTATION_COMMENTS = YES;
				CLANG_WARN_EMPTY_BODY = YES;
				CLANG_WARN_ENUM_CONVERSION = YES;
				CLANG_WARN_INFINITE_RECURSION = YES;
				CLANG_WARN_INT_CONVERSION = YES;
				CLANG_WARN_NON_LITERAL_NULL_CONVERSION = YES;
				CLANG_WARN_OBJC_IMPLICIT_RETAIN_SELF = YES;
				CLANG_WARN_OBJC_LITERAL_CONVERSION = YES;
				CLANG_WARN_OBJC_ROOT_CLASS = YES_ERROR;
				CLANG_WARN_QUOTED_INCLUDE_IN_FRAMEWORK_HEADER = YES;
				CLANG_WARN_RANGE_LOOP_ANALYSIS = YES;
				CLANG_WARN_STRICT_PROTOTYPES = YES;
				CLANG_WARN_SUSPICIOUS_MOVE = YES;
				CLANG_WARN_UNGUARDED_AVAILABILITY = YES_AGGRESSIVE;
				CLANG_WARN_UNREACHABLE_CODE = YES;
				CLANG_WARN__DUPLICATE_METHOD_MATCH = YES;
				COPY_PHASE_STRIP = NO;
				DEBUG_INFORMATION_FORMAT = dwarf;
				ENABLE_STRICT_OBJC_MSGSEND = YES;
				ENABLE_TESTABILITY = YES;
				GCC_C_LANGUAGE_STANDARD = gnu11;
				GCC_DYNAMIC_NO_PIC = NO;
				GCC_NO_COMMON_BLOCKS = YES;
				GCC_OPTIMIZATION_LEVEL = 0;
				GCC_PREPROCESSOR_DEFINITIONS = (
					"DEBUG=1",
					"$(inherited)",
				);
				GCC_WARN_64_TO_32_BIT_CONVERSION = YES;
				GCC_WARN_ABOUT_RETURN_TYPE = YES_ERROR;
				GCC_WARN_UNDECLARED_SELECTOR = YES;
				GCC_WARN_UNINITIALIZED_AUTOS = YES_AGGRESSIVE;
				GCC_WARN_UNUSED_FUNCTION = YES;
				GCC_WARN_UNUSED_VARIABLE = YES;
				IPHONEOS_DEPLOYMENT_TARGET = 15.5;
				MTL_ENABLE_DEBUG_INFO = INCLUDE_SOURCE;
				MTL_FAST_MATH = YES;
				ONLY_ACTIVE_ARCH = YES;
				SDKROOT = iphoneos;
				SWIFT_ACTIVE_COMPILATION_CONDITIONS = DEBUG;
				SWIFT_OPTIMIZATION_LEVEL = "-Onone";
			};
			name = Debug;
		};
		B102ADE8290E1E6B00C6DBA7 /* Release */ = {
			isa = XCBuildConfiguration;
			buildSettings = {
				ALWAYS_SEARCH_USER_PATHS = NO;
				CLANG_ANALYZER_NONNULL = YES;
				CLANG_ANALYZER_NUMBER_OBJECT_CONVERSION = YES_AGGRESSIVE;
				CLANG_CXX_LANGUAGE_STANDARD = "gnu++17";
				CLANG_ENABLE_MODULES = YES;
				CLANG_ENABLE_OBJC_ARC = YES;
				CLANG_ENABLE_OBJC_WEAK = YES;
				CLANG_WARN_BLOCK_CAPTURE_AUTORELEASING = YES;
				CLANG_WARN_BOOL_CONVERSION = YES;
				CLANG_WARN_COMMA = YES;
				CLANG_WARN_CONSTANT_CONVERSION = YES;
				CLANG_WARN_DEPRECATED_OBJC_IMPLEMENTATIONS = YES;
				CLANG_WARN_DIRECT_OBJC_ISA_USAGE = YES_ERROR;
				CLANG_WARN_DOCUMENTATION_COMMENTS = YES;
				CLANG_WARN_EMPTY_BODY = YES;
				CLANG_WARN_ENUM_CONVERSION = YES;
				CLANG_WARN_INFINITE_RECURSION = YES;
				CLANG_WARN_INT_CONVERSION = YES;
				CLANG_WARN_NON_LITERAL_NULL_CONVERSION = YES;
				CLANG_WARN_OBJC_IMPLICIT_RETAIN_SELF = YES;
				CLANG_WARN_OBJC_LITERAL_CONVERSION = YES;
				CLANG_WARN_OBJC_ROOT_CLASS = YES_ERROR;
				CLANG_WARN_QUOTED_INCLUDE_IN_FRAMEWORK_HEADER = YES;
				CLANG_WARN_RANGE_LOOP_ANALYSIS = YES;
				CLANG_WARN_STRICT_PROTOTYPES = YES;
				CLANG_WARN_SUSPICIOUS_MOVE = YES;
				CLANG_WARN_UNGUARDED_AVAILABILITY = YES_AGGRESSIVE;
				CLANG_WARN_UNREACHABLE_CODE = YES;
				CLANG_WARN__DUPLICATE_METHOD_MATCH = YES;
				COPY_PHASE_STRIP = NO;
				DEBUG_INFORMATION_FORMAT = "dwarf-with-dsym";
				ENABLE_NS_ASSERTIONS = NO;
				ENABLE_STRICT_OBJC_MSGSEND = YES;
				GCC_C_LANGUAGE_STANDARD = gnu11;
				GCC_NO_COMMON_BLOCKS = YES;
				GCC_WARN_64_TO_32_BIT_CONVERSION = YES;
				GCC_WARN_ABOUT_RETURN_TYPE = YES_ERROR;
				GCC_WARN_UNDECLARED_SELECTOR = YES;
				GCC_WARN_UNINITIALIZED_AUTOS = YES_AGGRESSIVE;
				GCC_WARN_UNUSED_FUNCTION = YES;
				GCC_WARN_UNUSED_VARIABLE = YES;
				IPHONEOS_DEPLOYMENT_TARGET = 15.5;
				MTL_ENABLE_DEBUG_INFO = NO;
				MTL_FAST_MATH = YES;
				SDKROOT = iphoneos;
				SWIFT_COMPILATION_MODE = wholemodule;
				SWIFT_OPTIMIZATION_LEVEL = "-O";
				VALIDATE_PRODUCT = YES;
			};
			name = Release;
		};
		B102ADEA290E1E6B00C6DBA7 /* Debug */ = {
			isa = XCBuildConfiguration;
			buildSettings = {
				ASSETCATALOG_COMPILER_APPICON_NAME = AppIcon;
				ASSETCATALOG_COMPILER_GLOBAL_ACCENT_COLOR_NAME = AccentColor;
				CODE_SIGN_STYLE = Automatic;
				CURRENT_PROJECT_VERSION = 1;
				DEVELOPMENT_TEAM = 6UY9XT6W64;
				GENERATE_INFOPLIST_FILE = YES;
				INFOPLIST_FILE = FourOperation/Info.plist;
				INFOPLIST_KEY_CFBundleDisplayName = "Four Operations";
				INFOPLIST_KEY_UIApplicationSupportsIndirectInputEvents = YES;
				INFOPLIST_KEY_UILaunchStoryboardName = LaunchScreen;
				INFOPLIST_KEY_UISupportedInterfaceOrientations = UIInterfaceOrientationPortrait;
				INFOPLIST_KEY_UISupportedInterfaceOrientations_iPad = "UIInterfaceOrientationPortrait UIInterfaceOrientationPortraitUpsideDown";
				IPHONEOS_DEPLOYMENT_TARGET = 15.0;
				LD_RUNPATH_SEARCH_PATHS = (
					"$(inherited)",
					"@executable_path/Frameworks",
				);
				MARKETING_VERSION = 1.0;
				PRODUCT_BUNDLE_IDENTIFIER = com.mutluaydin.FourOperation;
				PRODUCT_NAME = "$(TARGET_NAME)";
				SWIFT_EMIT_LOC_STRINGS = YES;
				SWIFT_VERSION = 5.0;
				TARGETED_DEVICE_FAMILY = "1,2";
			};
			name = Debug;
		};
		B102ADEB290E1E6B00C6DBA7 /* Release */ = {
			isa = XCBuildConfiguration;
			buildSettings = {
				ASSETCATALOG_COMPILER_APPICON_NAME = AppIcon;
				ASSETCATALOG_COMPILER_GLOBAL_ACCENT_COLOR_NAME = AccentColor;
				CODE_SIGN_STYLE = Automatic;
				CURRENT_PROJECT_VERSION = 1;
				DEVELOPMENT_TEAM = 6UY9XT6W64;
				GENERATE_INFOPLIST_FILE = YES;
				INFOPLIST_FILE = FourOperation/Info.plist;
				INFOPLIST_KEY_CFBundleDisplayName = "Four Operations";
				INFOPLIST_KEY_UIApplicationSupportsIndirectInputEvents = YES;
				INFOPLIST_KEY_UILaunchStoryboardName = LaunchScreen;
				INFOPLIST_KEY_UISupportedInterfaceOrientations = UIInterfaceOrientationPortrait;
				INFOPLIST_KEY_UISupportedInterfaceOrientations_iPad = "UIInterfaceOrientationPortrait UIInterfaceOrientationPortraitUpsideDown";
				IPHONEOS_DEPLOYMENT_TARGET = 15.0;
				LD_RUNPATH_SEARCH_PATHS = (
					"$(inherited)",
					"@executable_path/Frameworks",
				);
				MARKETING_VERSION = 1.0;
				PRODUCT_BUNDLE_IDENTIFIER = com.mutluaydin.FourOperation;
				PRODUCT_NAME = "$(TARGET_NAME)";
				SWIFT_EMIT_LOC_STRINGS = YES;
				SWIFT_VERSION = 5.0;
				TARGETED_DEVICE_FAMILY = "1,2";
			};
			name = Release;
		};
/* End XCBuildConfiguration section */

/* Begin XCConfigurationList section */
		B102ADD0290E1E6A00C6DBA7 /* Build configuration list for PBXProject "FourOperation" */ = {
			isa = XCConfigurationList;
			buildConfigurations = (
				B102ADE7290E1E6B00C6DBA7 /* Debug */,
				B102ADE8290E1E6B00C6DBA7 /* Release */,
			);
			defaultConfigurationIsVisible = 0;
			defaultConfigurationName = Release;
		};
		B102ADE9290E1E6B00C6DBA7 /* Build configuration list for PBXNativeTarget "FourOperation" */ = {
			isa = XCConfigurationList;
			buildConfigurations = (
				B102ADEA290E1E6B00C6DBA7 /* Debug */,
				B102ADEB290E1E6B00C6DBA7 /* Release */,
			);
			defaultConfigurationIsVisible = 0;
			defaultConfigurationName = Release;
		};
/* End XCConfigurationList section */
	};
	rootObject = B102ADCD290E1E6A00C6DBA7 /* Project object */;
}
