// !$*UTF8*$!
{
	archiveVersion = 1;
	classes = {
	};
	objectVersion = 55;
	objects = {

/* Begin PBXBuildFile section */
		242C3138FC342FEBD3F771A3 /* Pods_FourOperations.framework in Frameworks */ = {isa = PBXBuildFile; fileRef = D8EC2EB2F5DC4DAFBE77A317 /* Pods_FourOperations.framework */; };
		B102ADD9290E1E6A00C6DBA7 /* AppDelegate.swift in Sources */ = {isa = PBXBuildFile; fileRef = B102ADD8290E1E6A00C6DBA7 /* AppDelegate.swift */; };
		B102ADDB290E1E6A00C6DBA7 /* SceneDelegate.swift in Sources */ = {isa = PBXBuildFile; fileRef = B102ADDA290E1E6A00C6DBA7 /* SceneDelegate.swift */; };
		B102ADDD290E1E6A00C6DBA7 /* HomeVC.swift in Sources */ = {isa = PBXBuildFile; fileRef = B102ADDC290E1E6A00C6DBA7 /* HomeVC.swift */; };
		B102ADE2290E1E6B00C6DBA7 /* Assets.xcassets in Resources */ = {isa = PBXBuildFile; fileRef = B102ADE1290E1E6B00C6DBA7 /* Assets.xcassets */; };
		B102ADE5290E1E6B00C6DBA7 /* LaunchScreen.storyboard in Resources */ = {isa = PBXBuildFile; fileRef = B102ADE3290E1E6B00C6DBA7 /* LaunchScreen.storyboard */; };
		B102ADF1291221F800C6DBA7 /* FOCollectionViewCell.swift in Sources */ = {isa = PBXBuildFile; fileRef = B102ADF0291221F800C6DBA7 /* FOCollectionViewCell.swift */; };
		B12498B12929F47B00C53D8B /* NumberOfQuestionsManager.swift in Sources */ = {isa = PBXBuildFile; fileRef = B12498B02929F47B00C53D8B /* NumberOfQuestionsManager.swift */; };
		B12498F8292D4C4500C53D8B /* FourOperationsTests.swift in Sources */ = {isa = PBXBuildFile; fileRef = B12498F7292D4C4500C53D8B /* FourOperationsTests.swift */; };
		B188F27E29302E21001CB31F /* 4.png in Resources */ = {isa = PBXBuildFile; fileRef = B188F27A29302E20001CB31F /* 4.png */; };
		B188F27F29302E21001CB31F /* 3.png in Resources */ = {isa = PBXBuildFile; fileRef = B188F27B29302E21001CB31F /* 3.png */; };
		B188F28029302E21001CB31F /* 1.png in Resources */ = {isa = PBXBuildFile; fileRef = B188F27C29302E21001CB31F /* 1.png */; };
		B188F28129302E21001CB31F /* 2.png in Resources */ = {isa = PBXBuildFile; fileRef = B188F27D29302E21001CB31F /* 2.png */; };
		B188F28329302F23001CB31F /* 5.png in Resources */ = {isa = PBXBuildFile; fileRef = B188F28229302F23001CB31F /* 5.png */; };
		B1B115A72914CCC300DB8225 /* PlusVC.swift in Sources */ = {isa = PBXBuildFile; fileRef = B1B115A62914CCC300DB8225 /* PlusVC.swift */; };
		B1B115AA2915F8A000DB8225 /* VC+Ext.swift in Sources */ = {isa = PBXBuildFile; fileRef = B1B115A92915F8A000DB8225 /* VC+Ext.swift */; };
		B1B2F99029189FE600E0356E /* FOTitleLabel.swift in Sources */ = {isa = PBXBuildFile; fileRef = B1B2F98F29189FE600E0356E /* FOTitleLabel.swift */; };
		B1B50C63291A1EAC00DFE170 /* FOView.swift in Sources */ = {isa = PBXBuildFile; fileRef = B1B50C62291A1EAC00DFE170 /* FOView.swift */; };
		B1B50C65291B70A300DFE170 /* FOStackView.swift in Sources */ = {isa = PBXBuildFile; fileRef = B1B50C64291B70A300DFE170 /* FOStackView.swift */; };
		B1B50C67291B71D600DFE170 /* FOLabel.swift in Sources */ = {isa = PBXBuildFile; fileRef = B1B50C66291B71D600DFE170 /* FOLabel.swift */; };
		B1C58EF32922DFF200E03B67 /* CalculationVC.swift in Sources */ = {isa = PBXBuildFile; fileRef = B1C58EF22922DFF200E03B67 /* CalculationVC.swift */; };
		B1D5F96A291DB71B0029C9D2 /* FOTabBarVC.swift in Sources */ = {isa = PBXBuildFile; fileRef = B1D5F969291DB71B0029C9D2 /* FOTabBarVC.swift */; };
		B1D5F96E291DB7B70029C9D2 /* FOFont.swift in Sources */ = {isa = PBXBuildFile; fileRef = B1D5F96D291DB7B70029C9D2 /* FOFont.swift */; };
		B1D5F970291DB8000029C9D2 /* FOColors.swift in Sources */ = {isa = PBXBuildFile; fileRef = B1D5F96F291DB8000029C9D2 /* FOColors.swift */; };
		B1D5F972291E09760029C9D2 /* SettingVC.swift in Sources */ = {isa = PBXBuildFile; fileRef = B1D5F971291E09760029C9D2 /* SettingVC.swift */; };
		B1D5F974291F004B0029C9D2 /* FOAlertVC.swift in Sources */ = {isa = PBXBuildFile; fileRef = B1D5F973291F004B0029C9D2 /* FOAlertVC.swift */; };
		B1D5F976291F89560029C9D2 /* FOBodyLabel.swift in Sources */ = {isa = PBXBuildFile; fileRef = B1D5F975291F89560029C9D2 /* FOBodyLabel.swift */; };
		B1D5F9782920ABB40029C9D2 /* SubtractVC.swift in Sources */ = {isa = PBXBuildFile; fileRef = B1D5F9772920ABB40029C9D2 /* SubtractVC.swift */; };
		B1D5F97A29215AFD0029C9D2 /* MultiplyVC.swift in Sources */ = {isa = PBXBuildFile; fileRef = B1D5F97929215AFD0029C9D2 /* MultiplyVC.swift */; };
		B1D5F97E292163940029C9D2 /* DivideVC.swift in Sources */ = {isa = PBXBuildFile; fileRef = B1D5F97D292163940029C9D2 /* DivideVC.swift */; };
		B1E407CC2913F9D1004A3326 /* KeyboardVC.swift in Sources */ = {isa = PBXBuildFile; fileRef = B1E407CB2913F9D1004A3326 /* KeyboardVC.swift */; };
		B1E407D12913FA6B004A3326 /* KeyboardCell.swift in Sources */ = {isa = PBXBuildFile; fileRef = B1E407D02913FA6B004A3326 /* KeyboardCell.swift */; };
		B1EF14412926A5DB0096A891 /* CongratsVC.swift in Sources */ = {isa = PBXBuildFile; fileRef = B1EF14402926A5DB0096A891 /* CongratsVC.swift */; };
		B1FE91CC29245418002264A5 /* NotificationManager.swift in Sources */ = {isa = PBXBuildFile; fileRef = B1FE91CB29245418002264A5 /* NotificationManager.swift */; };
		B1FE91CE29245541002264A5 /* UserDefaultsKeys.swift in Sources */ = {isa = PBXBuildFile; fileRef = B1FE91CD29245541002264A5 /* UserDefaultsKeys.swift */; };
		B1FE91D02924570B002264A5 /* FOTextField.swift in Sources */ = {isa = PBXBuildFile; fileRef = B1FE91CF2924570B002264A5 /* FOTextField.swift */; };
		B1FE91D229245FB6002264A5 /* Date+Ext.swift in Sources */ = {isa = PBXBuildFile; fileRef = B1FE91D129245FB6002264A5 /* Date+Ext.swift */; };
/* End PBXBuildFile section */

/* Begin PBXContainerItemProxy section */
		B12498F9292D4C4500C53D8B /* PBXContainerItemProxy */ = {
			isa = PBXContainerItemProxy;
			containerPortal = B102ADCD290E1E6A00C6DBA7 /* Project object */;
			proxyType = 1;
			remoteGlobalIDString = B102ADD4290E1E6A00C6DBA7;
			remoteInfo = FourOperation;
		};
/* End PBXContainerItemProxy section */

/* Begin PBXFileReference section */
		94E601B9CD9C6057D951ED98 /* Pods-FourOperations.debug.xcconfig */ = {isa = PBXFileReference; includeInIndex = 1; lastKnownFileType = text.xcconfig; name = "Pods-FourOperations.debug.xcconfig"; path = "Target Support Files/Pods-FourOperations/Pods-FourOperations.debug.xcconfig"; sourceTree = "<group>"; };
		B102ADD5290E1E6A00C6DBA7 /* FourOperations.app */ = {isa = PBXFileReference; explicitFileType = wrapper.application; includeInIndex = 0; path = FourOperations.app; sourceTree = BUILT_PRODUCTS_DIR; };
		B102ADD8290E1E6A00C6DBA7 /* AppDelegate.swift */ = {isa = PBXFileReference; lastKnownFileType = sourcecode.swift; path = AppDelegate.swift; sourceTree = "<group>"; };
		B102ADDA290E1E6A00C6DBA7 /* SceneDelegate.swift */ = {isa = PBXFileReference; lastKnownFileType = sourcecode.swift; path = SceneDelegate.swift; sourceTree = "<group>"; };
		B102ADDC290E1E6A00C6DBA7 /* HomeVC.swift */ = {isa = PBXFileReference; lastKnownFileType = sourcecode.swift; path = HomeVC.swift; sourceTree = "<group>"; };
		B102ADE1290E1E6B00C6DBA7 /* Assets.xcassets */ = {isa = PBXFileReference; lastKnownFileType = folder.assetcatalog; path = Assets.xcassets; sourceTree = "<group>"; };
		B102ADE4290E1E6B00C6DBA7 /* Base */ = {isa = PBXFileReference; lastKnownFileType = file.storyboard; name = Base; path = Base.lproj/LaunchScreen.storyboard; sourceTree = "<group>"; };
		B102ADE6290E1E6B00C6DBA7 /* Info.plist */ = {isa = PBXFileReference; lastKnownFileType = text.plist.xml; path = Info.plist; sourceTree = "<group>"; };
		B102ADF0291221F800C6DBA7 /* FOCollectionViewCell.swift */ = {isa = PBXFileReference; lastKnownFileType = sourcecode.swift; path = FOCollectionViewCell.swift; sourceTree = "<group>"; };
		B12498B02929F47B00C53D8B /* NumberOfQuestionsManager.swift */ = {isa = PBXFileReference; lastKnownFileType = sourcecode.swift; path = NumberOfQuestionsManager.swift; sourceTree = "<group>"; };
		B12498F5292D4C4500C53D8B /* FourOperationsTests.xctest */ = {isa = PBXFileReference; explicitFileType = wrapper.cfbundle; includeInIndex = 0; path = FourOperationsTests.xctest; sourceTree = BUILT_PRODUCTS_DIR; };
		B12498F7292D4C4500C53D8B /* FourOperationsTests.swift */ = {isa = PBXFileReference; lastKnownFileType = sourcecode.swift; path = FourOperationsTests.swift; sourceTree = "<group>"; };
		B1249906292F602900C53D8B /* README.md */ = {isa = PBXFileReference; lastKnownFileType = net.daringfireball.markdown; path = README.md; sourceTree = "<group>"; };
		B188F27A29302E20001CB31F /* 4.png */ = {isa = PBXFileReference; lastKnownFileType = image.png; path = 4.png; sourceTree = "<group>"; };
		B188F27B29302E21001CB31F /* 3.png */ = {isa = PBXFileReference; lastKnownFileType = image.png; path = 3.png; sourceTree = "<group>"; };
		B188F27C29302E21001CB31F /* 1.png */ = {isa = PBXFileReference; lastKnownFileType = image.png; path = 1.png; sourceTree = "<group>"; };
		B188F27D29302E21001CB31F /* 2.png */ = {isa = PBXFileReference; lastKnownFileType = image.png; path = 2.png; sourceTree = "<group>"; };
		B188F28229302F23001CB31F /* 5.png */ = {isa = PBXFileReference; lastKnownFileType = image.png; path = 5.png; sourceTree = "<group>"; };
		B1B115A62914CCC300DB8225 /* PlusVC.swift */ = {isa = PBXFileReference; lastKnownFileType = sourcecode.swift; path = PlusVC.swift; sourceTree = "<group>"; };
		B1B115A92915F8A000DB8225 /* VC+Ext.swift */ = {isa = PBXFileReference; lastKnownFileType = sourcecode.swift; path = "VC+Ext.swift"; sourceTree = "<group>"; };
		B1B2F98F29189FE600E0356E /* FOTitleLabel.swift */ = {isa = PBXFileReference; lastKnownFileType = sourcecode.swift; path = FOTitleLabel.swift; sourceTree = "<group>"; };
		B1B50C62291A1EAC00DFE170 /* FOView.swift */ = {isa = PBXFileReference; lastKnownFileType = sourcecode.swift; path = FOView.swift; sourceTree = "<group>"; };
		B1B50C64291B70A300DFE170 /* FOStackView.swift */ = {isa = PBXFileReference; lastKnownFileType = sourcecode.swift; path = FOStackView.swift; sourceTree = "<group>"; };
		B1B50C66291B71D600DFE170 /* FOLabel.swift */ = {isa = PBXFileReference; lastKnownFileType = sourcecode.swift; path = FOLabel.swift; sourceTree = "<group>"; };
		B1C58EF22922DFF200E03B67 /* CalculationVC.swift */ = {isa = PBXFileReference; lastKnownFileType = sourcecode.swift; path = CalculationVC.swift; sourceTree = "<group>"; };
		B1D5F969291DB71B0029C9D2 /* FOTabBarVC.swift */ = {isa = PBXFileReference; lastKnownFileType = sourcecode.swift; path = FOTabBarVC.swift; sourceTree = "<group>"; };
		B1D5F96D291DB7B70029C9D2 /* FOFont.swift */ = {isa = PBXFileReference; lastKnownFileType = sourcecode.swift; path = FOFont.swift; sourceTree = "<group>"; };
		B1D5F96F291DB8000029C9D2 /* FOColors.swift */ = {isa = PBXFileReference; lastKnownFileType = sourcecode.swift; path = FOColors.swift; sourceTree = "<group>"; };
		B1D5F971291E09760029C9D2 /* SettingVC.swift */ = {isa = PBXFileReference; lastKnownFileType = sourcecode.swift; path = SettingVC.swift; sourceTree = "<group>"; };
		B1D5F973291F004B0029C9D2 /* FOAlertVC.swift */ = {isa = PBXFileReference; lastKnownFileType = sourcecode.swift; path = FOAlertVC.swift; sourceTree = "<group>"; };
		B1D5F975291F89560029C9D2 /* FOBodyLabel.swift */ = {isa = PBXFileReference; lastKnownFileType = sourcecode.swift; path = FOBodyLabel.swift; sourceTree = "<group>"; };
		B1D5F9772920ABB40029C9D2 /* SubtractVC.swift */ = {isa = PBXFileReference; lastKnownFileType = sourcecode.swift; path = SubtractVC.swift; sourceTree = "<group>"; };
		B1D5F97929215AFD0029C9D2 /* MultiplyVC.swift */ = {isa = PBXFileReference; lastKnownFileType = sourcecode.swift; path = MultiplyVC.swift; sourceTree = "<group>"; };
		B1D5F97D292163940029C9D2 /* DivideVC.swift */ = {isa = PBXFileReference; lastKnownFileType = sourcecode.swift; path = DivideVC.swift; sourceTree = "<group>"; };
		B1E407CB2913F9D1004A3326 /* KeyboardVC.swift */ = {isa = PBXFileReference; lastKnownFileType = sourcecode.swift; path = KeyboardVC.swift; sourceTree = "<group>"; };
		B1E407D02913FA6B004A3326 /* KeyboardCell.swift */ = {isa = PBXFileReference; lastKnownFileType = sourcecode.swift; path = KeyboardCell.swift; sourceTree = "<group>"; };
		B1EF14402926A5DB0096A891 /* CongratsVC.swift */ = {isa = PBXFileReference; lastKnownFileType = sourcecode.swift; path = CongratsVC.swift; sourceTree = "<group>"; };
		B1FE91CB29245418002264A5 /* NotificationManager.swift */ = {isa = PBXFileReference; lastKnownFileType = sourcecode.swift; path = NotificationManager.swift; sourceTree = "<group>"; };
		B1FE91CD29245541002264A5 /* UserDefaultsKeys.swift */ = {isa = PBXFileReference; lastKnownFileType = sourcecode.swift; path = UserDefaultsKeys.swift; sourceTree = "<group>"; };
		B1FE91CF2924570B002264A5 /* FOTextField.swift */ = {isa = PBXFileReference; lastKnownFileType = sourcecode.swift; path = FOTextField.swift; sourceTree = "<group>"; };
		B1FE91D129245FB6002264A5 /* Date+Ext.swift */ = {isa = PBXFileReference; lastKnownFileType = sourcecode.swift; path = "Date+Ext.swift"; sourceTree = "<group>"; };
		B692FDBC5495267FDF439533 /* Pods-FourOperations.release.xcconfig */ = {isa = PBXFileReference; includeInIndex = 1; lastKnownFileType = text.xcconfig; name = "Pods-FourOperations.release.xcconfig"; path = "Target Support Files/Pods-FourOperations/Pods-FourOperations.release.xcconfig"; sourceTree = "<group>"; };
		D8EC2EB2F5DC4DAFBE77A317 /* Pods_FourOperations.framework */ = {isa = PBXFileReference; explicitFileType = wrapper.framework; includeInIndex = 0; path = Pods_FourOperations.framework; sourceTree = BUILT_PRODUCTS_DIR; };
/* End PBXFileReference section */

/* Begin PBXFrameworksBuildPhase section */
		B102ADD2290E1E6A00C6DBA7 /* Frameworks */ = {
			isa = PBXFrameworksBuildPhase;
			buildActionMask = 2147483647;
			files = (
				242C3138FC342FEBD3F771A3 /* Pods_FourOperations.framework in Frameworks */,
			);
			runOnlyForDeploymentPostprocessing = 0;
		};
		B12498F2292D4C4500C53D8B /* Frameworks */ = {
			isa = PBXFrameworksBuildPhase;
			buildActionMask = 2147483647;
			files = (
			);
			runOnlyForDeploymentPostprocessing = 0;
		};
/* End PBXFrameworksBuildPhase section */

/* Begin PBXGroup section */
		817A89FF78509756249BEB52 /* Pods */ = {
			isa = PBXGroup;
			children = (
				94E601B9CD9C6057D951ED98 /* Pods-FourOperations.debug.xcconfig */,
				B692FDBC5495267FDF439533 /* Pods-FourOperations.release.xcconfig */,
			);
			path = Pods;
			sourceTree = "<group>";
		};
		B102ADCC290E1E6A00C6DBA7 = {
			isa = PBXGroup;
			children = (
				B1249906292F602900C53D8B /* README.md */,
				B188F27929302CF6001CB31F /* ReadmeImages */,
				B102ADD7290E1E6A00C6DBA7 /* FourOperations */,
				B12498F6292D4C4500C53D8B /* FourOperationsTests */,
				B102ADD6290E1E6A00C6DBA7 /* Products */,
				817A89FF78509756249BEB52 /* Pods */,
				FAAD7BE6683E30FF3750ED56 /* Frameworks */,
			);
			sourceTree = "<group>";
		};
		B102ADD6290E1E6A00C6DBA7 /* Products */ = {
			isa = PBXGroup;
			children = (
				B102ADD5290E1E6A00C6DBA7 /* FourOperations.app */,
				B12498F5292D4C4500C53D8B /* FourOperationsTests.xctest */,
			);
			name = Products;
			sourceTree = "<group>";
		};
		B102ADD7290E1E6A00C6DBA7 /* FourOperations */ = {
			isa = PBXGroup;
			children = (
				B1B115A82915F87500DB8225 /* Extensions */,
				B102ADEF2912218A00C6DBA7 /* Controllers */,
				B102ADEC29121BA400C6DBA7 /* Views */,
				B12498AF2929F3DB00C53D8B /* Managers */,
				B1D5F96B291DB76B0029C9D2 /* Utilities */,
				B1D5F96C291DB77F0029C9D2 /* Support */,
				B102ADE6290E1E6B00C6DBA7 /* Info.plist */,
			);
			path = FourOperations;
			sourceTree = "<group>";
		};
		B102ADEC29121BA400C6DBA7 /* Views */ = {
			isa = PBXGroup;
			children = (
				B1E407CF2913FA38004A3326 /* Cells */,
				B1B2F98F29189FE600E0356E /* FOTitleLabel.swift */,
				B1B50C66291B71D600DFE170 /* FOLabel.swift */,
				B1D5F975291F89560029C9D2 /* FOBodyLabel.swift */,
				B1FE91CF2924570B002264A5 /* FOTextField.swift */,
				B1B50C62291A1EAC00DFE170 /* FOView.swift */,
				B1B50C64291B70A300DFE170 /* FOStackView.swift */,
			);
			path = Views;
			sourceTree = "<group>";
		};
		B102ADEF2912218A00C6DBA7 /* Controllers */ = {
			isa = PBXGroup;
			children = (
				B1C58EF42922E00500E03B67 /* SubVCs */,
				B1B115A52914CC8500DB8225 /* FourOperationControllers */,
				B102ADDC290E1E6A00C6DBA7 /* HomeVC.swift */,
				B1D5F971291E09760029C9D2 /* SettingVC.swift */,
				B1D5F969291DB71B0029C9D2 /* FOTabBarVC.swift */,
				B1D5F973291F004B0029C9D2 /* FOAlertVC.swift */,
				B1EF14402926A5DB0096A891 /* CongratsVC.swift */,
			);
			path = Controllers;
			sourceTree = "<group>";
		};
		B12498AF2929F3DB00C53D8B /* Managers */ = {
			isa = PBXGroup;
			children = (
				B12498B02929F47B00C53D8B /* NumberOfQuestionsManager.swift */,
			);
			path = Managers;
			sourceTree = "<group>";
		};
		B12498F6292D4C4500C53D8B /* FourOperationsTests */ = {
			isa = PBXGroup;
			children = (
				B12498F7292D4C4500C53D8B /* FourOperationsTests.swift */,
			);
			path = FourOperationsTests;
			sourceTree = "<group>";
		};
		B188F27929302CF6001CB31F /* ReadmeImages */ = {
			isa = PBXGroup;
			children = (
				B188F27C29302E21001CB31F /* 1.png */,
				B188F27D29302E21001CB31F /* 2.png */,
				B188F27B29302E21001CB31F /* 3.png */,
				B188F27A29302E20001CB31F /* 4.png */,
				B188F28229302F23001CB31F /* 5.png */,
			);
			path = ReadmeImages;
			sourceTree = "<group>";
		};
		B1B115A52914CC8500DB8225 /* FourOperationControllers */ = {
			isa = PBXGroup;
			children = (
				B1B115A62914CCC300DB8225 /* PlusVC.swift */,
				B1D5F9772920ABB40029C9D2 /* SubtractVC.swift */,
				B1D5F97929215AFD0029C9D2 /* MultiplyVC.swift */,
				B1D5F97D292163940029C9D2 /* DivideVC.swift */,
			);
			path = FourOperationControllers;
			sourceTree = "<group>";
		};
		B1B115A82915F87500DB8225 /* Extensions */ = {
			isa = PBXGroup;
			children = (
				B1B115A92915F8A000DB8225 /* VC+Ext.swift */,
				B1FE91D129245FB6002264A5 /* Date+Ext.swift */,
			);
			path = Extensions;
			sourceTree = "<group>";
		};
		B1C58EF42922E00500E03B67 /* SubVCs */ = {
			isa = PBXGroup;
			children = (
				B1E407CB2913F9D1004A3326 /* KeyboardVC.swift */,
				B1C58EF22922DFF200E03B67 /* CalculationVC.swift */,
			);
			path = SubVCs;
			sourceTree = "<group>";
		};
		B1D5F96B291DB76B0029C9D2 /* Utilities */ = {
			isa = PBXGroup;
			children = (
				B1D5F96D291DB7B70029C9D2 /* FOFont.swift */,
				B1D5F96F291DB8000029C9D2 /* FOColors.swift */,
				B1FE91CB29245418002264A5 /* NotificationManager.swift */,
				B1FE91CD29245541002264A5 /* UserDefaultsKeys.swift */,
			);
			path = Utilities;
			sourceTree = "<group>";
		};
		B1D5F96C291DB77F0029C9D2 /* Support */ = {
			isa = PBXGroup;
			children = (
				B102ADD8290E1E6A00C6DBA7 /* AppDelegate.swift */,
				B102ADDA290E1E6A00C6DBA7 /* SceneDelegate.swift */,
				B102ADE1290E1E6B00C6DBA7 /* Assets.xcassets */,
				B102ADE3290E1E6B00C6DBA7 /* LaunchScreen.storyboard */,
			);
			path = Support;
			sourceTree = "<group>";
		};
		B1E407CF2913FA38004A3326 /* Cells */ = {
			isa = PBXGroup;
			children = (
				B102ADF0291221F800C6DBA7 /* FOCollectionViewCell.swift */,
				B1E407D02913FA6B004A3326 /* KeyboardCell.swift */,
			);
			path = Cells;
			sourceTree = "<group>";
		};
		FAAD7BE6683E30FF3750ED56 /* Frameworks */ = {
			isa = PBXGroup;
			children = (
				D8EC2EB2F5DC4DAFBE77A317 /* Pods_FourOperations.framework */,
			);
			name = Frameworks;
			sourceTree = "<group>";
		};
/* End PBXGroup section */

/* Begin PBXNativeTarget section */
		B102ADD4290E1E6A00C6DBA7 /* FourOperations */ = {
			isa = PBXNativeTarget;
			buildConfigurationList = B102ADE9290E1E6B00C6DBA7 /* Build configuration list for PBXNativeTarget "FourOperations" */;
			buildPhases = (
				EA1750C651233B720D943033 /* [CP] Check Pods Manifest.lock */,
				B102ADD1290E1E6A00C6DBA7 /* Sources */,
				B102ADD2290E1E6A00C6DBA7 /* Frameworks */,
				B102ADD3290E1E6A00C6DBA7 /* Resources */,
				4E8AB362E7772661EEB7F886 /* [CP] Embed Pods Frameworks */,
			);
			buildRules = (
			);
			dependencies = (
			);
			name = FourOperations;
			productName = FourOperation;
			productReference = B102ADD5290E1E6A00C6DBA7 /* FourOperations.app */;
			productType = "com.apple.product-type.application";
		};
		B12498F4292D4C4500C53D8B /* FourOperationsTests */ = {
			isa = PBXNativeTarget;
			buildConfigurationList = B12498FB292D4C4500C53D8B /* Build configuration list for PBXNativeTarget "FourOperationsTests" */;
			buildPhases = (
				B12498F1292D4C4500C53D8B /* Sources */,
				B12498F2292D4C4500C53D8B /* Frameworks */,
				B12498F3292D4C4500C53D8B /* Resources */,
			);
			buildRules = (
			);
			dependencies = (
				B12498FA292D4C4500C53D8B /* PBXTargetDependency */,
			);
			name = FourOperationsTests;
			productName = FourOperationTests;
			productReference = B12498F5292D4C4500C53D8B /* FourOperationsTests.xctest */;
			productType = "com.apple.product-type.bundle.unit-test";
		};
/* End PBXNativeTarget section */

/* Begin PBXProject section */
		B102ADCD290E1E6A00C6DBA7 /* Project object */ = {
			isa = PBXProject;
			attributes = {
				BuildIndependentTargetsInParallel = 1;
				LastSwiftUpdateCheck = 1410;
				LastUpgradeCheck = 1340;
				TargetAttributes = {
					B102ADD4290E1E6A00C6DBA7 = {
						CreatedOnToolsVersion = 13.4.1;
					};
					B12498F4292D4C4500C53D8B = {
						CreatedOnToolsVersion = 14.1;
						TestTargetID = B102ADD4290E1E6A00C6DBA7;
					};
				};
			};
			buildConfigurationList = B102ADD0290E1E6A00C6DBA7 /* Build configuration list for PBXProject "FourOperations" */;
			compatibilityVersion = "Xcode 13.0";
			developmentRegion = en;
			hasScannedForEncodings = 0;
			knownRegions = (
				en,
				Base,
			);
			mainGroup = B102ADCC290E1E6A00C6DBA7;
			productRefGroup = B102ADD6290E1E6A00C6DBA7 /* Products */;
			projectDirPath = "";
			projectRoot = "";
			targets = (
				B102ADD4290E1E6A00C6DBA7 /* FourOperations */,
				B12498F4292D4C4500C53D8B /* FourOperationsTests */,
			);
		};
/* End PBXProject section */

/* Begin PBXResourcesBuildPhase section */
		B102ADD3290E1E6A00C6DBA7 /* Resources */ = {
			isa = PBXResourcesBuildPhase;
			buildActionMask = 2147483647;
			files = (
				B188F28329302F23001CB31F /* 5.png in Resources */,
				B188F28129302E21001CB31F /* 2.png in Resources */,
				B188F28029302E21001CB31F /* 1.png in Resources */,
				B188F27F29302E21001CB31F /* 3.png in Resources */,
				B188F27E29302E21001CB31F /* 4.png in Resources */,
				B102ADE5290E1E6B00C6DBA7 /* LaunchScreen.storyboard in Resources */,
				B102ADE2290E1E6B00C6DBA7 /* Assets.xcassets in Resources */,
			);
			runOnlyForDeploymentPostprocessing = 0;
		};
		B12498F3292D4C4500C53D8B /* Resources */ = {
			isa = PBXResourcesBuildPhase;
			buildActionMask = 2147483647;
			files = (
			);
			runOnlyForDeploymentPostprocessing = 0;
		};
/* End PBXResourcesBuildPhase section */

/* Begin PBXShellScriptBuildPhase section */
		4E8AB362E7772661EEB7F886 /* [CP] Embed Pods Frameworks */ = {
			isa = PBXShellScriptBuildPhase;
			buildActionMask = 2147483647;
			files = (
			);
			inputFileListPaths = (
				"${PODS_ROOT}/Target Support Files/Pods-FourOperations/Pods-FourOperations-frameworks-${CONFIGURATION}-input-files.xcfilelist",
			);
			name = "[CP] Embed Pods Frameworks";
			outputFileListPaths = (
				"${PODS_ROOT}/Target Support Files/Pods-FourOperations/Pods-FourOperations-frameworks-${CONFIGURATION}-output-files.xcfilelist",
			);
			runOnlyForDeploymentPostprocessing = 0;
			shellPath = /bin/sh;
			shellScript = "\"${PODS_ROOT}/Target Support Files/Pods-FourOperations/Pods-FourOperations-frameworks.sh\"\n";
			showEnvVarsInLog = 0;
		};
		EA1750C651233B720D943033 /* [CP] Check Pods Manifest.lock */ = {
			isa = PBXShellScriptBuildPhase;
			buildActionMask = 2147483647;
			files = (
			);
			inputFileListPaths = (
			);
			inputPaths = (
				"${PODS_PODFILE_DIR_PATH}/Podfile.lock",
				"${PODS_ROOT}/Manifest.lock",
			);
			name = "[CP] Check Pods Manifest.lock";
			outputFileListPaths = (
			);
			outputPaths = (
				"$(DERIVED_FILE_DIR)/Pods-FourOperations-checkManifestLockResult.txt",
			);
			runOnlyForDeploymentPostprocessing = 0;
			shellPath = /bin/sh;
			shellScript = "diff \"${PODS_PODFILE_DIR_PATH}/Podfile.lock\" \"${PODS_ROOT}/Manifest.lock\" > /dev/null\nif [ $? != 0 ] ; then\n    # print error to STDERR\n    echo \"error: The sandbox is not in sync with the Podfile.lock. Run 'pod install' or update your CocoaPods installation.\" >&2\n    exit 1\nfi\n# This output is used by Xcode 'outputs' to avoid re-running this script phase.\necho \"SUCCESS\" > \"${SCRIPT_OUTPUT_FILE_0}\"\n";
			showEnvVarsInLog = 0;
		};
/* End PBXShellScriptBuildPhase section */

/* Begin PBXSourcesBuildPhase section */
		B102ADD1290E1E6A00C6DBA7 /* Sources */ = {
			isa = PBXSourcesBuildPhase;
			buildActionMask = 2147483647;
			files = (
				B1FE91D229245FB6002264A5 /* Date+Ext.swift in Sources */,
				B1FE91D02924570B002264A5 /* FOTextField.swift in Sources */,
				B1D5F970291DB8000029C9D2 /* FOColors.swift in Sources */,
				B1D5F97A29215AFD0029C9D2 /* MultiplyVC.swift in Sources */,
				B102ADDD290E1E6A00C6DBA7 /* HomeVC.swift in Sources */,
				B1EF14412926A5DB0096A891 /* CongratsVC.swift in Sources */,
				B1B50C63291A1EAC00DFE170 /* FOView.swift in Sources */,
				B12498B12929F47B00C53D8B /* NumberOfQuestionsManager.swift in Sources */,
				B1B50C65291B70A300DFE170 /* FOStackView.swift in Sources */,
				B102ADF1291221F800C6DBA7 /* FOCollectionViewCell.swift in Sources */,
				B1FE91CC29245418002264A5 /* NotificationManager.swift in Sources */,
				B1E407D12913FA6B004A3326 /* KeyboardCell.swift in Sources */,
				B1B50C67291B71D600DFE170 /* FOLabel.swift in Sources */,
				B1D5F96E291DB7B70029C9D2 /* FOFont.swift in Sources */,
				B1B115A72914CCC300DB8225 /* PlusVC.swift in Sources */,
				B1FE91CE29245541002264A5 /* UserDefaultsKeys.swift in Sources */,
				B1D5F97E292163940029C9D2 /* DivideVC.swift in Sources */,
				B1D5F972291E09760029C9D2 /* SettingVC.swift in Sources */,
				B1B115AA2915F8A000DB8225 /* VC+Ext.swift in Sources */,
				B102ADD9290E1E6A00C6DBA7 /* AppDelegate.swift in Sources */,
				B1C58EF32922DFF200E03B67 /* CalculationVC.swift in Sources */,
				B1E407CC2913F9D1004A3326 /* KeyboardVC.swift in Sources */,
				B1D5F974291F004B0029C9D2 /* FOAlertVC.swift in Sources */,
				B1D5F976291F89560029C9D2 /* FOBodyLabel.swift in Sources */,
				B1D5F9782920ABB40029C9D2 /* SubtractVC.swift in Sources */,
				B1D5F96A291DB71B0029C9D2 /* FOTabBarVC.swift in Sources */,
				B1B2F99029189FE600E0356E /* FOTitleLabel.swift in Sources */,
				B102ADDB290E1E6A00C6DBA7 /* SceneDelegate.swift in Sources */,
			);
			runOnlyForDeploymentPostprocessing = 0;
		};
		B12498F1292D4C4500C53D8B /* Sources */ = {
			isa = PBXSourcesBuildPhase;
			buildActionMask = 2147483647;
			files = (
				B12498F8292D4C4500C53D8B /* FourOperationsTests.swift in Sources */,
			);
			runOnlyForDeploymentPostprocessing = 0;
		};
/* End PBXSourcesBuildPhase section */

/* Begin PBXTargetDependency section */
		B12498FA292D4C4500C53D8B /* PBXTargetDependency */ = {
			isa = PBXTargetDependency;
			target = B102ADD4290E1E6A00C6DBA7 /* FourOperations */;
			targetProxy = B12498F9292D4C4500C53D8B /* PBXContainerItemProxy */;
		};
/* End PBXTargetDependency section */

/* Begin PBXVariantGroup section */
		B102ADE3290E1E6B00C6DBA7 /* LaunchScreen.storyboard */ = {
			isa = PBXVariantGroup;
			children = (
				B102ADE4290E1E6B00C6DBA7 /* Base */,
			);
			name = LaunchScreen.storyboard;
			sourceTree = "<group>";
		};
/* End PBXVariantGroup section */

/* Begin XCBuildConfiguration section */
		B102ADE7290E1E6B00C6DBA7 /* Debug */ = {
			isa = XCBuildConfiguration;
			buildSettings = {
				ALWAYS_SEARCH_USER_PATHS = NO;
				CLANG_ANALYZER_NONNULL = YES;
				CLANG_ANALYZER_NUMBER_OBJECT_CONVERSION = YES_AGGRESSIVE;
				CLANG_CXX_LANGUAGE_STANDARD = "gnu++17";
				CLANG_ENABLE_MODULES = YES;
				CLANG_ENABLE_OBJC_ARC = YES;
				CLANG_ENABLE_OBJC_WEAK = YES;
				CLANG_WARN_BLOCK_CAPTURE_AUTORELEASING = YES;
				CLANG_WARN_BOOL_CONVERSION = YES;
				CLANG_WARN_COMMA = YES;
				CLANG_WARN_CONSTANT_CONVERSION = YES;
				CLANG_WARN_DEPRECATED_OBJC_IMPLEMENTATIONS = YES;
				CLANG_WARN_DIRECT_OBJC_ISA_USAGE = YES_ERROR;
				CLANG_WARN_DOCUMENTATION_COMMENTS = YES;
				CLANG_WARN_EMPTY_BODY = YES;
				CLANG_WARN_ENUM_CONVERSION = YES;
				CLANG_WARN_INFINITE_RECURSION = YES;
				CLANG_WARN_INT_CONVERSION = YES;
				CLANG_WARN_NON_LITERAL_NULL_CONVERSION = YES;
				CLANG_WARN_OBJC_IMPLICIT_RETAIN_SELF = YES;
				CLANG_WARN_OBJC_LITERAL_CONVERSION = YES;
				CLANG_WARN_OBJC_ROOT_CLASS = YES_ERROR;
				CLANG_WARN_QUOTED_INCLUDE_IN_FRAMEWORK_HEADER = YES;
				CLANG_WARN_RANGE_LOOP_ANALYSIS = YES;
				CLANG_WARN_STRICT_PROTOTYPES = YES;
				CLANG_WARN_SUSPICIOUS_MOVE = YES;
				CLANG_WARN_UNGUARDED_AVAILABILITY = YES_AGGRESSIVE;
				CLANG_WARN_UNREACHABLE_CODE = YES;
				CLANG_WARN__DUPLICATE_METHOD_MATCH = YES;
				COPY_PHASE_STRIP = NO;
				DEBUG_INFORMATION_FORMAT = dwarf;
				ENABLE_STRICT_OBJC_MSGSEND = YES;
				ENABLE_TESTABILITY = YES;
				GCC_C_LANGUAGE_STANDARD = gnu11;
				GCC_DYNAMIC_NO_PIC = NO;
				GCC_NO_COMMON_BLOCKS = YES;
				GCC_OPTIMIZATION_LEVEL = 0;
				GCC_PREPROCESSOR_DEFINITIONS = (
					"DEBUG=1",
					"$(inherited)",
				);
				GCC_WARN_64_TO_32_BIT_CONVERSION = YES;
				GCC_WARN_ABOUT_RETURN_TYPE = YES_ERROR;
				GCC_WARN_UNDECLARED_SELECTOR = YES;
				GCC_WARN_UNINITIALIZED_AUTOS = YES_AGGRESSIVE;
				GCC_WARN_UNUSED_FUNCTION = YES;
				GCC_WARN_UNUSED_VARIABLE = YES;
				IPHONEOS_DEPLOYMENT_TARGET = 15.5;
				MTL_ENABLE_DEBUG_INFO = INCLUDE_SOURCE;
				MTL_FAST_MATH = YES;
				ONLY_ACTIVE_ARCH = YES;
				SDKROOT = iphoneos;
				SWIFT_ACTIVE_COMPILATION_CONDITIONS = DEBUG;
				SWIFT_OPTIMIZATION_LEVEL = "-Onone";
			};
			name = Debug;
		};
		B102ADE8290E1E6B00C6DBA7 /* Release */ = {
			isa = XCBuildConfiguration;
			buildSettings = {
				ALWAYS_SEARCH_USER_PATHS = NO;
				CLANG_ANALYZER_NONNULL = YES;
				CLANG_ANALYZER_NUMBER_OBJECT_CONVERSION = YES_AGGRESSIVE;
				CLANG_CXX_LANGUAGE_STANDARD = "gnu++17";
				CLANG_ENABLE_MODULES = YES;
				CLANG_ENABLE_OBJC_ARC = YES;
				CLANG_ENABLE_OBJC_WEAK = YES;
				CLANG_WARN_BLOCK_CAPTURE_AUTORELEASING = YES;
				CLANG_WARN_BOOL_CONVERSION = YES;
				CLANG_WARN_COMMA = YES;
				CLANG_WARN_CONSTANT_CONVERSION = YES;
				CLANG_WARN_DEPRECATED_OBJC_IMPLEMENTATIONS = YES;
				CLANG_WARN_DIRECT_OBJC_ISA_USAGE = YES_ERROR;
				CLANG_WARN_DOCUMENTATION_COMMENTS = YES;
				CLANG_WARN_EMPTY_BODY = YES;
				CLANG_WARN_ENUM_CONVERSION = YES;
				CLANG_WARN_INFINITE_RECURSION = YES;
				CLANG_WARN_INT_CONVERSION = YES;
				CLANG_WARN_NON_LITERAL_NULL_CONVERSION = YES;
				CLANG_WARN_OBJC_IMPLICIT_RETAIN_SELF = YES;
				CLANG_WARN_OBJC_LITERAL_CONVERSION = YES;
				CLANG_WARN_OBJC_ROOT_CLASS = YES_ERROR;
				CLANG_WARN_QUOTED_INCLUDE_IN_FRAMEWORK_HEADER = YES;
				CLANG_WARN_RANGE_LOOP_ANALYSIS = YES;
				CLANG_WARN_STRICT_PROTOTYPES = YES;
				CLANG_WARN_SUSPICIOUS_MOVE = YES;
				CLANG_WARN_UNGUARDED_AVAILABILITY = YES_AGGRESSIVE;
				CLANG_WARN_UNREACHABLE_CODE = YES;
				CLANG_WARN__DUPLICATE_METHOD_MATCH = YES;
				COPY_PHASE_STRIP = NO;
				DEBUG_INFORMATION_FORMAT = "dwarf-with-dsym";
				ENABLE_NS_ASSERTIONS = NO;
				ENABLE_STRICT_OBJC_MSGSEND = YES;
				GCC_C_LANGUAGE_STANDARD = gnu11;
				GCC_NO_COMMON_BLOCKS = YES;
				GCC_WARN_64_TO_32_BIT_CONVERSION = YES;
				GCC_WARN_ABOUT_RETURN_TYPE = YES_ERROR;
				GCC_WARN_UNDECLARED_SELECTOR = YES;
				GCC_WARN_UNINITIALIZED_AUTOS = YES_AGGRESSIVE;
				GCC_WARN_UNUSED_FUNCTION = YES;
				GCC_WARN_UNUSED_VARIABLE = YES;
				IPHONEOS_DEPLOYMENT_TARGET = 15.5;
				MTL_ENABLE_DEBUG_INFO = NO;
				MTL_FAST_MATH = YES;
				SDKROOT = iphoneos;
				SWIFT_COMPILATION_MODE = wholemodule;
				SWIFT_OPTIMIZATION_LEVEL = "-O";
				VALIDATE_PRODUCT = YES;
			};
			name = Release;
		};
		B102ADEA290E1E6B00C6DBA7 /* Debug */ = {
			isa = XCBuildConfiguration;
			baseConfigurationReference = 94E601B9CD9C6057D951ED98 /* Pods-FourOperations.debug.xcconfig */;
			buildSettings = {
				ASSETCATALOG_COMPILER_APPICON_NAME = AppIcon;
				ASSETCATALOG_COMPILER_GLOBAL_ACCENT_COLOR_NAME = AccentColor;
				CODE_SIGN_STYLE = Automatic;
				CURRENT_PROJECT_VERSION = 1;
				DEVELOPMENT_TEAM = 6UY9XT6W64;
				GENERATE_INFOPLIST_FILE = YES;
				INFOPLIST_FILE = FourOperations/Info.plist;
				INFOPLIST_KEY_CFBundleDisplayName = "Fun 4 Math";
				INFOPLIST_KEY_UIApplicationSupportsIndirectInputEvents = YES;
				INFOPLIST_KEY_UILaunchStoryboardName = LaunchScreen;
				INFOPLIST_KEY_UIRequiresFullScreen = YES;
				INFOPLIST_KEY_UISupportedInterfaceOrientations = UIInterfaceOrientationsPortrait;
				INFOPLIST_KEY_UISupportedInterfaceOrientations_iPad = "UIInterfaceOrientationsPortrait UIInterfaceOrientationsPortraitUpsideDown";
				IPHONEOS_DEPLOYMENT_TARGET = 15.0;
				LD_RUNPATH_SEARCH_PATHS = (
					"$(inherited)",
					"@executable_path/Frameworks",
				);
				MARKETING_VERSION = 1.0.0;
				PRODUCT_BUNDLE_IDENTIFIER = com.mutluaydin.FourOperations;
				PRODUCT_NAME = "$(TARGET_NAME)";
				SWIFT_EMIT_LOC_STRINGS = YES;
				SWIFT_VERSION = 5.0;
				TARGETED_DEVICE_FAMILY = "1,2";
			};
			name = Debug;
		};
		B102ADEB290E1E6B00C6DBA7 /* Release */ = {
			isa = XCBuildConfiguration;
			baseConfigurationReference = B692FDBC5495267FDF439533 /* Pods-FourOperations.release.xcconfig */;
			buildSettings = {
				ASSETCATALOG_COMPILER_APPICON_NAME = AppIcon;
				ASSETCATALOG_COMPILER_GLOBAL_ACCENT_COLOR_NAME = AccentColor;
				CODE_SIGN_STYLE = Automatic;
				CURRENT_PROJECT_VERSION = 1;
				DEVELOPMENT_TEAM = 6UY9XT6W64;
				GENERATE_INFOPLIST_FILE = YES;
				INFOPLIST_FILE = FourOperations/Info.plist;
				INFOPLIST_KEY_CFBundleDisplayName = "Fun 4 Math";
				INFOPLIST_KEY_UIApplicationSupportsIndirectInputEvents = YES;
				INFOPLIST_KEY_UILaunchStoryboardName = LaunchScreen;
				INFOPLIST_KEY_UIRequiresFullScreen = YES;
				INFOPLIST_KEY_UISupportedInterfaceOrientations = UIInterfaceOrientationsPortrait;
				INFOPLIST_KEY_UISupportedInterfaceOrientations_iPad = "UIInterfaceOrientationsPortrait UIInterfaceOrientationsPortraitUpsideDown";
				IPHONEOS_DEPLOYMENT_TARGET = 15.0;
				LD_RUNPATH_SEARCH_PATHS = (
					"$(inherited)",
					"@executable_path/Frameworks",
				);
				MARKETING_VERSION = 1.0.0;
				PRODUCT_BUNDLE_IDENTIFIER = com.mutluaydin.FourOperations;
				PRODUCT_NAME = "$(TARGET_NAME)";
				SWIFT_EMIT_LOC_STRINGS = YES;
				SWIFT_VERSION = 5.0;
				TARGETED_DEVICE_FAMILY = "1,2";
			};
			name = Release;
		};
		B12498FC292D4C4500C53D8B /* Debug */ = {
			isa = XCBuildConfiguration;
			buildSettings = {
				BUNDLE_LOADER = "$(TEST_HOST)";
				CLANG_CXX_LANGUAGE_STANDARD = "gnu++20";
				CODE_SIGN_STYLE = Automatic;
				CURRENT_PROJECT_VERSION = 1;
				DEVELOPMENT_TEAM = 6UY9XT6W64;
				GENERATE_INFOPLIST_FILE = YES;
				IPHONEOS_DEPLOYMENT_TARGET = 16.1;
				MARKETING_VERSION = 1.0;
				PRODUCT_BUNDLE_IDENTIFIER = com.mutluaydin.FourOperationsTests;
				PRODUCT_NAME = "$(TARGET_NAME)";
				SWIFT_EMIT_LOC_STRINGS = NO;
				SWIFT_VERSION = 5.0;
				TARGETED_DEVICE_FAMILY = "1,2";
				TEST_HOST = "$(BUILT_PRODUCTS_DIR)/FourOperations.app/$(BUNDLE_EXECUTABLE_FOLDER_PATH)/FourOperations";
			};
			name = Debug;
		};
		B12498FD292D4C4500C53D8B /* Release */ = {
			isa = XCBuildConfiguration;
			buildSettings = {
				BUNDLE_LOADER = "$(TEST_HOST)";
				CLANG_CXX_LANGUAGE_STANDARD = "gnu++20";
				CODE_SIGN_STYLE = Automatic;
				CURRENT_PROJECT_VERSION = 1;
				DEVELOPMENT_TEAM = 6UY9XT6W64;
				GENERATE_INFOPLIST_FILE = YES;
				IPHONEOS_DEPLOYMENT_TARGET = 16.1;
				MARKETING_VERSION = 1.0;
				PRODUCT_BUNDLE_IDENTIFIER = com.mutluaydin.FourOperationsTests;
				PRODUCT_NAME = "$(TARGET_NAME)";
				SWIFT_EMIT_LOC_STRINGS = NO;
				SWIFT_VERSION = 5.0;
				TARGETED_DEVICE_FAMILY = "1,2";
				TEST_HOST = "$(BUILT_PRODUCTS_DIR)/FourOperations.app/$(BUNDLE_EXECUTABLE_FOLDER_PATH)/FourOperations";
			};
			name = Release;
		};
/* End XCBuildConfiguration section */

/* Begin XCConfigurationList section */
		B102ADD0290E1E6A00C6DBA7 /* Build configuration list for PBXProject "FourOperations" */ = {
			isa = XCConfigurationList;
			buildConfigurations = (
				B102ADE7290E1E6B00C6DBA7 /* Debug */,
				B102ADE8290E1E6B00C6DBA7 /* Release */,
			);
			defaultConfigurationIsVisible = 0;
			defaultConfigurationName = Release;
		};
		B102ADE9290E1E6B00C6DBA7 /* Build configuration list for PBXNativeTarget "FourOperations" */ = {
			isa = XCConfigurationList;
			buildConfigurations = (
				B102ADEA290E1E6B00C6DBA7 /* Debug */,
				B102ADEB290E1E6B00C6DBA7 /* Release */,
			);
			defaultConfigurationIsVisible = 0;
			defaultConfigurationName = Release;
		};
		B12498FB292D4C4500C53D8B /* Build configuration list for PBXNativeTarget "FourOperationsTests" */ = {
			isa = XCConfigurationList;
			buildConfigurations = (
				B12498FC292D4C4500C53D8B /* Debug */,
				B12498FD292D4C4500C53D8B /* Release */,
			);
			defaultConfigurationIsVisible = 0;
			defaultConfigurationName = Release;
		};
/* End XCConfigurationList section */
	};
	rootObject = B102ADCD290E1E6A00C6DBA7 /* Project object */;
}
